
Microsoft Visual Studio Solution File, Format Version 12.00
# Visual Studio Version 17
VisualStudioVersion = 17.0.31903.59
MinimumVisualStudioVersion = 10.0.40219.1
Project("{FAE04EC0-301F-11D3-BF4B-00C04F79EFBC}") = "tracker-api", "tracker-api\tracker-api.csproj", "{BCCF7A15-FB96-4568-B544-7F4547032781}"
EndProject
Global
	GlobalSection(SolutionConfigurationPlatforms) = preSolution
		Debug|Any CPU = Debug|Any CPU
		Debug|x64 = Debug|x64
		Debug|x86 = Debug|x86
		Release|Any CPU = Release|Any CPU
		Release|x64 = Release|x64
		Release|x86 = Release|x86
	EndGlobalSection
	GlobalSection(ProjectConfigurationPlatforms) = postSolution
		{BCCF7A15-FB96-4568-B544-7F4547032781}.Debug|Any CPU.ActiveCfg = Debug|Any CPU
		{BCCF7A15-FB96-4568-B544-7F4547032781}.Debug|Any CPU.Build.0 = Debug|Any CPU
		{BCCF7A15-FB96-4568-B544-7F4547032781}.Debug|x64.ActiveCfg = Debug|Any CPU
		{BCCF7A15-FB96-4568-B544-7F4547032781}.Debug|x64.Build.0 = Debug|Any CPU
		{BCCF7A15-FB96-4568-B544-7F4547032781}.Debug|x86.ActiveCfg = Debug|Any CPU
		{BCCF7A15-FB96-4568-B544-7F4547032781}.Debug|x86.Build.0 = Debug|Any CPU
		{BCCF7A15-FB96-4568-B544-7F4547032781}.Release|Any CPU.ActiveCfg = Release|Any CPU
		{BCCF7A15-FB96-4568-B544-7F4547032781}.Release|Any CPU.Build.0 = Release|Any CPU
		{BCCF7A15-FB96-4568-B544-7F4547032781}.Release|x64.ActiveCfg = Release|Any CPU
		{BCCF7A15-FB96-4568-B544-7F4547032781}.Release|x64.Build.0 = Release|Any CPU
		{BCCF7A15-FB96-4568-B544-7F4547032781}.Release|x86.ActiveCfg = Release|Any CPU
		{BCCF7A15-FB96-4568-B544-7F4547032781}.Release|x86.Build.0 = Release|Any CPU
	EndGlobalSection
	GlobalSection(SolutionProperties) = preSolution
		HideSolutionNode = FALSE
	EndGlobalSection
EndGlobal
